<?xml version="1.0" encoding="utf-8"?>
<Project ToolsVersion="4.0" xmlns="http://schemas.microsoft.com/developer/msbuild/2003">
  <ItemGroup>
    <Filter Include="Source Files">
      <UniqueIdentifier>{4FC737F1-C7A5-4376-A066-2A32D752A2FF}</UniqueIdentifier>
      <Extensions>cpp;c;cc;cxx;def;odl;idl;hpj;bat;asm;asmx</Extensions>
    </Filter>
    <Filter Include="Header Files">
      <UniqueIdentifier>{93995380-89BD-4b04-88EB-625FBE52EBFB}</UniqueIdentifier>
      <Extensions>h;hh;hpp;hxx;hm;inl;inc;xsd</Extensions>
    </Filter>
    <Filter Include="Resource Files">
      <UniqueIdentifier>{67DA6AB6-F800-4c08-8B7A-83BB121AAD01}</UniqueIdentifier>
      <Extensions>rc;ico;cur;bmp;dlg;rc2;rct;bin;rgs;gif;jpg;jpeg;jpe;resx;tiff;tif;png;wav;mfcribbon-ms</Extensions>
    </Filter>
    <Filter Include="Header Files\Board">
      <UniqueIdentifier>{60f737b1-3d70-46e2-ab73-4a4cba04b2b7}</UniqueIdentifier>
    </Filter>
    <Filter Include="Header Files\Board\BoardObjectHierarchy">
      <UniqueIdentifier>{c0cbbac6-8007-4435-a960-0485e769f0cd}</UniqueIdentifier>
    </Filter>
    <Filter Include="Header Files\Game">
      <UniqueIdentifier>{f606ba68-f55e-47ee-9073-891b99e95cba}</UniqueIdentifier>
    </Filter>
    <Filter Include="Header Files\Control">
      <UniqueIdentifier>{50e116a6-7f8a-4e18-aa1d-fa601b74825e}</UniqueIdentifier>
    </Filter>
    <Filter Include="Header Files\View">
      <UniqueIdentifier>{e31e41b6-c129-4b65-a38c-fb8acc12237d}</UniqueIdentifier>
    </Filter>
    <Filter Include="Source Files\Board">
      <UniqueIdentifier>{962683aa-1535-42d1-b2de-f4a6f09582a0}</UniqueIdentifier>
    </Filter>
    <Filter Include="Source Files\Board\BoardObjectHierarchy">
      <UniqueIdentifier>{61a77da0-9f07-426f-8e17-16aba63137f1}</UniqueIdentifier>
    </Filter>
    <Filter Include="Source Files\Game">
      <UniqueIdentifier>{6d261438-5c6f-4a66-ae97-07560ea896bb}</UniqueIdentifier>
    </Filter>
    <Filter Include="Source Files\Control">
      <UniqueIdentifier>{89f9be97-fb93-41c0-b42d-833ba44f1b6e}</UniqueIdentifier>
    </Filter>
    <Filter Include="Source Files\View">
      <UniqueIdentifier>{19b9cb8e-4da6-4897-8bbe-e69da6fcfa8d}</UniqueIdentifier>
    </Filter>
  </ItemGroup>
  <ItemGroup>
    <ClCompile Include="Main.cpp">
      <Filter>Source Files</Filter>
    </ClCompile>
    <ClCompile Include="Board.cpp">
      <Filter>Source Files\Board</Filter>
    </ClCompile>
    <ClCompile Include="BoardObject.cpp">
      <Filter>Source Files\Board\BoardObjectHierarchy</Filter>
    </ClCompile>
    <ClCompile Include="Collectible.cpp">
      <Filter>Source Files\Board\BoardObjectHierarchy</Filter>
    </ClCompile>
    <ClCompile Include="Enemy.cpp">
      <Filter>Source Files\Board\BoardObjectHierarchy</Filter>
    </ClCompile>
    <ClCompile Include="Game.cpp">
      <Filter>Source Files\Game</Filter>
    </ClCompile>
    <ClCompile Include="GameState.cpp">
      <Filter>Source Files\Game</Filter>
    </ClCompile>
    <ClCompile Include="Menu.cpp">
      <Filter>Source Files\Game</Filter>
    </ClCompile>
    <ClCompile Include="Projectile.cpp">
      <Filter>Source Files\Board\BoardObjectHierarchy</Filter>
    </ClCompile>
    <ClCompile Include="Snake.cpp">
      <Filter>Source Files\Board</Filter>
    </ClCompile>
    <ClCompile Include="SnakeElement.cpp">
      <Filter>Source Files\Board\BoardObjectHierarchy</Filter>
    </ClCompile>
    <ClCompile Include="VisibleObject.cpp">
      <Filter>Source Files\Board\BoardObjectHierarchy</Filter>
    </ClCompile>
    <ClCompile Include="VOManager.cpp">
      <Filter>Source Files\View</Filter>
    </ClCompile>
    <ClCompile Include="ControlManager.cpp">
      <Filter>Source Files\Control</Filter>
    </ClCompile>
    <ClCompile Include="BoardObjectFactory.cpp">
      <Filter>Source Files</Filter>
    </ClCompile>
    <ClCompile Include="Button.cpp">
      <Filter>Source Files\Game</Filter>
    </ClCompile>
    <ClCompile Include="Points.cpp">
      <Filter>Source Files\Board</Filter>
    </ClCompile>
  </ItemGroup>
  <ItemGroup>
    <ClInclude Include="Board.h">
      <Filter>Header Files\Board</Filter>
    </ClInclude>
    <ClInclude Include="Snake.h">
      <Filter>Header Files\Board</Filter>
    </ClInclude>
    <ClInclude Include="BoardObject.h">
      <Filter>Header Files\Board\BoardObjectHierarchy</Filter>
    </ClInclude>
    <ClInclude Include="Collectible.h">
      <Filter>Header Files\Board\BoardObjectHierarchy</Filter>
    </ClInclude>
    <ClInclude Include="Enemy.h">
      <Filter>Header Files\Board\BoardObjectHierarchy</Filter>
    </ClInclude>
    <ClInclude Include="Projectile.h">
      <Filter>Header Files\Board\BoardObjectHierarchy</Filter>
    </ClInclude>
    <ClInclude Include="SnakeElement.h">
      <Filter>Header Files\Board\BoardObjectHierarchy</Filter>
    </ClInclude>
    <ClInclude Include="Game.h">
      <Filter>Header Files\Game</Filter>
    </ClInclude>
    <ClInclude Include="GameState.h">
      <Filter>Header Files\Game</Filter>
    </ClInclude>
    <ClInclude Include="Menu.h">
      <Filter>Header Files\Game</Filter>
    </ClInclude>
    <ClInclude Include="IControl.h">
      <Filter>Header Files\Control</Filter>
    </ClInclude>
    <ClInclude Include="IView.h">
      <Filter>Header Files\View</Filter>
    </ClInclude>
    <ClInclude Include="VisibleObject.h">
      <Filter>Header Files\Board\BoardObjectHierarchy</Filter>
    </ClInclude>
    <ClInclude Include="VOManager.h">
      <Filter>Header Files\View</Filter>
    </ClInclude>
    <ClInclude Include="ControlManager.h">
      <Filter>Header Files\Control</Filter>
    </ClInclude>
    <ClInclude Include="BoardObjectFactory.h">
      <Filter>Header Files</Filter>
    </ClInclude>
    <ClInclude Include="Button.h">
      <Filter>Header Files\Game</Filter>
    </ClInclude>
    <ClInclude Include="Points.h">
      <Filter>Header Files\Board</Filter>
    </ClInclude>
  </ItemGroup>
  <ItemGroup>
    <Image Include="Textures\Menu.png">
      <Filter>Resource Files</Filter>
    </Image>
    <Image Include="Textures\snakeTexture.png">
      <Filter>Resource Files</Filter>
    </Image>
    <Image Include="Textures\grass.png">
      <Filter>Resource Files</Filter>
    </Image>
    <Image Include="Textures\Fireball.png">
      <Filter>Resource Files</Filter>
    </Image>
    <Image Include="Textures\cake.png">
      <Filter>Resource Files</Filter>
    </Image>
    <Image Include="Textures\evil_mongoose.png">
      <Filter>Resource Files</Filter>
    </Image>
    <Image Include="Textures\titleEpicScreen.png">
      <Filter>Resource Files</Filter>
    </Image>
    <Image Include="Textures\button.png">
      <Filter>Resource Files</Filter>
    </Image>
  </ItemGroup>
  <ItemGroup>
    <Font Include="sfFonts\ArcadeClassic.ttf">
      <Filter>Resource Files</Filter>
    </Font>
  </ItemGroup>
  <ItemGroup>
    <None Include="ClassDiagram1.cd" />
    <None Include="ClassDiagram.cd" />
  </ItemGroup>
</Project>